// !$*UTF8*$!
{
	archiveVersion = 1;
	classes = {
	};
	objectVersion = 46;
	objects = {

/* Begin PBXBuildFile section */
		067E0015156974C70046FA14 /* Default.png in Resources */ = {isa = PBXBuildFile; fileRef = 067E0014156974C70046FA14 /* Default.png */; };
		067E0017156974CB0046FA14 /* Default@2x.png in Resources */ = {isa = PBXBuildFile; fileRef = 067E0016156974CB0046FA14 /* Default@2x.png */; };
		067E0019156975490046FA14 /* Icon@2x.png in Resources */ = {isa = PBXBuildFile; fileRef = 067E0018156975490046FA14 /* Icon@2x.png */; };
		067E001B1569754E0046FA14 /* Icon.png in Resources */ = {isa = PBXBuildFile; fileRef = 067E001A1569754E0046FA14 /* Icon.png */; };
		069F2A1B15DC6F1300F868C9 /* Mobile SDK.framework in Frameworks */ = {isa = PBXBuildFile; fileRef = 069F2A1A15DC6F1300F868C9 /* Mobile SDK.framework */; };
		BA8DC24014CC85CB0085F16B /* libTestFlight.a in Frameworks */ = {isa = PBXBuildFile; fileRef = BA8DC23C14CC85CB0085F16B /* libTestFlight.a */; };
		BA8DC24114CC85CB0085F16B /* README.txt in Resources */ = {isa = PBXBuildFile; fileRef = BA8DC23D14CC85CB0085F16B /* README.txt */; };
		BA8DC24214CC85CB0085F16B /* release_notes.txt in Resources */ = {isa = PBXBuildFile; fileRef = BA8DC23E14CC85CB0085F16B /* release_notes.txt */; };
		BAF8405C14A9053E00D9E9CC /* UIKit.framework in Frameworks */ = {isa = PBXBuildFile; fileRef = BAF8405B14A9053E00D9E9CC /* UIKit.framework */; };
		BAF8405E14A9053E00D9E9CC /* Foundation.framework in Frameworks */ = {isa = PBXBuildFile; fileRef = BAF8405D14A9053E00D9E9CC /* Foundation.framework */; };
		BAF8406014A9053E00D9E9CC /* CoreGraphics.framework in Frameworks */ = {isa = PBXBuildFile; fileRef = BAF8405F14A9053E00D9E9CC /* CoreGraphics.framework */; };
		BAF8406614A9053E00D9E9CC /* InfoPlist.strings in Resources */ = {isa = PBXBuildFile; fileRef = BAF8406414A9053E00D9E9CC /* InfoPlist.strings */; };
		BAF8406914A9053E00D9E9CC /* main.m in Sources */ = {isa = PBXBuildFile; fileRef = BAF8406814A9053E00D9E9CC /* main.m */; };
		BAF8406C14A9053E00D9E9CC /* TestFMAppDelegate.m in Sources */ = {isa = PBXBuildFile; fileRef = BAF8406B14A9053E00D9E9CC /* TestFMAppDelegate.m */; };
		BAF8406F14A9053E00D9E9CC /* MainWindow.xib in Resources */ = {isa = PBXBuildFile; fileRef = BAF8406D14A9053E00D9E9CC /* MainWindow.xib */; };
		BAF8407E14A9056900D9E9CC /* TestVC.m in Sources */ = {isa = PBXBuildFile; fileRef = BAF8407C14A9056900D9E9CC /* TestVC.m */; };
		BAF8407F14A9056900D9E9CC /* TestVC.xib in Resources */ = {isa = PBXBuildFile; fileRef = BAF8407D14A9056900D9E9CC /* TestVC.xib */; };
		BAF8412114A906D800D9E9CC /* QuartzCore.framework in Frameworks */ = {isa = PBXBuildFile; fileRef = BAF8412014A906D800D9E9CC /* QuartzCore.framework */; };
		BAF8412314A906DF00D9E9CC /* AVFoundation.framework in Frameworks */ = {isa = PBXBuildFile; fileRef = BAF8412214A906DF00D9E9CC /* AVFoundation.framework */; };
/* End PBXBuildFile section */

/* Begin PBXFileReference section */
		067E0014156974C70046FA14 /* Default.png */ = {isa = PBXFileReference; lastKnownFileType = image.png; path = Default.png; sourceTree = "<group>"; };
		067E0016156974CB0046FA14 /* Default@2x.png */ = {isa = PBXFileReference; lastKnownFileType = image.png; path = "Default@2x.png"; sourceTree = "<group>"; };
		067E0018156975490046FA14 /* Icon@2x.png */ = {isa = PBXFileReference; lastKnownFileType = image.png; path = "Icon@2x.png"; sourceTree = "<group>"; };
		067E001A1569754E0046FA14 /* Icon.png */ = {isa = PBXFileReference; lastKnownFileType = image.png; path = Icon.png; sourceTree = "<group>"; };
		069F2A1A15DC6F1300F868C9 /* Mobile SDK.framework */ = {isa = PBXFileReference; lastKnownFileType = wrapper.framework; path = "Mobile SDK.framework"; sourceTree = "<group>"; };
		BA8DC23C14CC85CB0085F16B /* libTestFlight.a */ = {isa = PBXFileReference; lastKnownFileType = archive.ar; path = libTestFlight.a; sourceTree = "<group>"; };
		BA8DC23D14CC85CB0085F16B /* README.txt */ = {isa = PBXFileReference; fileEncoding = 4; lastKnownFileType = text; path = README.txt; sourceTree = "<group>"; };
		BA8DC23E14CC85CB0085F16B /* release_notes.txt */ = {isa = PBXFileReference; fileEncoding = 4; lastKnownFileType = text; path = release_notes.txt; sourceTree = "<group>"; };
		BA8DC23F14CC85CB0085F16B /* TestFlight.h */ = {isa = PBXFileReference; fileEncoding = 4; lastKnownFileType = sourcecode.c.h; path = TestFlight.h; sourceTree = "<group>"; };
		BAF8405714A9053E00D9E9CC /* Friendly Music.app */ = {isa = PBXFileReference; explicitFileType = wrapper.application; includeInIndex = 0; path = "Friendly Music.app"; sourceTree = BUILT_PRODUCTS_DIR; };
		BAF8405B14A9053E00D9E9CC /* UIKit.framework */ = {isa = PBXFileReference; lastKnownFileType = wrapper.framework; name = UIKit.framework; path = System/Library/Frameworks/UIKit.framework; sourceTree = SDKROOT; };
		BAF8405D14A9053E00D9E9CC /* Foundation.framework */ = {isa = PBXFileReference; lastKnownFileType = wrapper.framework; name = Foundation.framework; path = System/Library/Frameworks/Foundation.framework; sourceTree = SDKROOT; };
		BAF8405F14A9053E00D9E9CC /* CoreGraphics.framework */ = {isa = PBXFileReference; lastKnownFileType = wrapper.framework; name = CoreGraphics.framework; path = System/Library/Frameworks/CoreGraphics.framework; sourceTree = SDKROOT; };
		BAF8406314A9053E00D9E9CC /* Friendly Music-Info.plist */ = {isa = PBXFileReference; lastKnownFileType = text.plist.xml; path = "Friendly Music-Info.plist"; sourceTree = "<group>"; };
		BAF8406514A9053E00D9E9CC /* en */ = {isa = PBXFileReference; lastKnownFileType = text.plist.strings; name = en; path = en.lproj/InfoPlist.strings; sourceTree = "<group>"; };
		BAF8406714A9053E00D9E9CC /* Friendly Music-Prefix.pch */ = {isa = PBXFileReference; lastKnownFileType = sourcecode.c.h; path = "Friendly Music-Prefix.pch"; sourceTree = "<group>"; };
		BAF8406814A9053E00D9E9CC /* main.m */ = {isa = PBXFileReference; lastKnownFileType = sourcecode.c.objc; path = main.m; sourceTree = "<group>"; };
		BAF8406A14A9053E00D9E9CC /* TestFMAppDelegate.h */ = {isa = PBXFileReference; lastKnownFileType = sourcecode.c.h; path = TestFMAppDelegate.h; sourceTree = "<group>"; };
		BAF8406B14A9053E00D9E9CC /* TestFMAppDelegate.m */ = {isa = PBXFileReference; lastKnownFileType = sourcecode.c.objc; path = TestFMAppDelegate.m; sourceTree = "<group>"; };
		BAF8406E14A9053E00D9E9CC /* en */ = {isa = PBXFileReference; lastKnownFileType = file.xib; name = en; path = en.lproj/MainWindow.xib; sourceTree = "<group>"; };
		BAF8407B14A9056900D9E9CC /* TestVC.h */ = {isa = PBXFileReference; fileEncoding = 4; lastKnownFileType = sourcecode.c.h; path = TestVC.h; sourceTree = "<group>"; };
		BAF8407C14A9056900D9E9CC /* TestVC.m */ = {isa = PBXFileReference; fileEncoding = 4; lastKnownFileType = sourcecode.c.objc; path = TestVC.m; sourceTree = "<group>"; };
		BAF8407D14A9056900D9E9CC /* TestVC.xib */ = {isa = PBXFileReference; fileEncoding = 4; lastKnownFileType = file.xib; path = TestVC.xib; sourceTree = "<group>"; };
		BAF8412014A906D800D9E9CC /* QuartzCore.framework */ = {isa = PBXFileReference; lastKnownFileType = wrapper.framework; name = QuartzCore.framework; path = System/Library/Frameworks/QuartzCore.framework; sourceTree = SDKROOT; };
		BAF8412214A906DF00D9E9CC /* AVFoundation.framework */ = {isa = PBXFileReference; lastKnownFileType = wrapper.framework; name = AVFoundation.framework; path = System/Library/Frameworks/AVFoundation.framework; sourceTree = SDKROOT; };
/* End PBXFileReference section */

/* Begin PBXFrameworksBuildPhase section */
		BAF8405414A9053E00D9E9CC /* Frameworks */ = {
			isa = PBXFrameworksBuildPhase;
			buildActionMask = 2147483647;
			files = (
				BAF8412314A906DF00D9E9CC /* AVFoundation.framework in Frameworks */,
				BAF8412114A906D800D9E9CC /* QuartzCore.framework in Frameworks */,
				BAF8405C14A9053E00D9E9CC /* UIKit.framework in Frameworks */,
				BAF8405E14A9053E00D9E9CC /* Foundation.framework in Frameworks */,
				BAF8406014A9053E00D9E9CC /* CoreGraphics.framework in Frameworks */,
				BA8DC24014CC85CB0085F16B /* libTestFlight.a in Frameworks */,
				069F2A1B15DC6F1300F868C9 /* Mobile SDK.framework in Frameworks */,
			);
			runOnlyForDeploymentPostprocessing = 0;
		};
/* End PBXFrameworksBuildPhase section */

/* Begin PBXGroup section */
		067C6D2A151BB6E40036BC07 /* Resources */ = {
			isa = PBXGroup;
			children = (
				067E001A1569754E0046FA14 /* Icon.png */,
				067E0018156975490046FA14 /* Icon@2x.png */,
				067E0016156974CB0046FA14 /* Default@2x.png */,
				067E0014156974C70046FA14 /* Default.png */,
			);
			name = Resources;
			sourceTree = "<group>";
		};
		BA8DC23B14CC85CB0085F16B /* TestFlightSDK0.8.2 */ = {
			isa = PBXGroup;
			children = (
				BA8DC23C14CC85CB0085F16B /* libTestFlight.a */,
				BA8DC23D14CC85CB0085F16B /* README.txt */,
				BA8DC23E14CC85CB0085F16B /* release_notes.txt */,
				BA8DC23F14CC85CB0085F16B /* TestFlight.h */,
			);
			path = TestFlightSDK0.8.2;
			sourceTree = "<group>";
		};
		BAF8404C14A9053D00D9E9CC = {
			isa = PBXGroup;
			children = (
				BA8DC23B14CC85CB0085F16B /* TestFlightSDK0.8.2 */,
				BAF8406114A9053E00D9E9CC /* TestFM */,
				BAF8405A14A9053E00D9E9CC /* Frameworks */,
				BAF8405814A9053E00D9E9CC /* Products */,
			);
			sourceTree = "<group>";
		};
		BAF8405814A9053E00D9E9CC /* Products */ = {
			isa = PBXGroup;
			children = (
				BAF8405714A9053E00D9E9CC /* Friendly Music.app */,
			);
			name = Products;
			sourceTree = "<group>";
		};
		BAF8405A14A9053E00D9E9CC /* Frameworks */ = {
			isa = PBXGroup;
			children = (
				069F2A1A15DC6F1300F868C9 /* Mobile SDK.framework */,
				BAF8405B14A9053E00D9E9CC /* UIKit.framework */,
				BAF8405D14A9053E00D9E9CC /* Foundation.framework */,
				BAF8405F14A9053E00D9E9CC /* CoreGraphics.framework */,
				BAF8412214A906DF00D9E9CC /* AVFoundation.framework */,
				BAF8412014A906D800D9E9CC /* QuartzCore.framework */,
			);
			name = Frameworks;
			sourceTree = "<group>";
		};
		BAF8406114A9053E00D9E9CC /* TestFM */ = {
			isa = PBXGroup;
			children = (
				067C6D2A151BB6E40036BC07 /* Resources */,
				BAF8406A14A9053E00D9E9CC /* TestFMAppDelegate.h */,
				BAF8406B14A9053E00D9E9CC /* TestFMAppDelegate.m */,
				BAF8406D14A9053E00D9E9CC /* MainWindow.xib */,
				BAF8406214A9053E00D9E9CC /* Supporting Files */,
				BAF8407B14A9056900D9E9CC /* TestVC.h */,
				BAF8407C14A9056900D9E9CC /* TestVC.m */,
				BAF8407D14A9056900D9E9CC /* TestVC.xib */,
			);
			path = TestFM;
			sourceTree = "<group>";
		};
		BAF8406214A9053E00D9E9CC /* Supporting Files */ = {
			isa = PBXGroup;
			children = (
				BAF8406314A9053E00D9E9CC /* Friendly Music-Info.plist */,
				BAF8406414A9053E00D9E9CC /* InfoPlist.strings */,
				BAF8406714A9053E00D9E9CC /* Friendly Music-Prefix.pch */,
				BAF8406814A9053E00D9E9CC /* main.m */,
			);
			name = "Supporting Files";
			sourceTree = "<group>";
		};
/* End PBXGroup section */

/* Begin PBXNativeTarget section */
		BAF8405614A9053E00D9E9CC /* Friendly Music */ = {
			isa = PBXNativeTarget;
			buildConfigurationList = BAF8407814A9053E00D9E9CC /* Build configuration list for PBXNativeTarget "Friendly Music" */;
			buildPhases = (
				BAF8405314A9053E00D9E9CC /* Sources */,
				BAF8405414A9053E00D9E9CC /* Frameworks */,
				BAF8405514A9053E00D9E9CC /* Resources */,
			);
			buildRules = (
			);
			dependencies = (
			);
			name = "Friendly Music";
			productName = TestFM;
			productReference = BAF8405714A9053E00D9E9CC /* Friendly Music.app */;
			productType = "com.apple.product-type.application";
		};
/* End PBXNativeTarget section */

/* Begin PBXProject section */
		BAF8404E14A9053D00D9E9CC /* Project object */ = {
			isa = PBXProject;
			attributes = {
				LastUpgradeCheck = 0430;
			};
			buildConfigurationList = BAF8405114A9053D00D9E9CC /* Build configuration list for PBXProject "Friendly Music" */;
			compatibilityVersion = "Xcode 3.2";
			developmentRegion = English;
			hasScannedForEncodings = 0;
			knownRegions = (
				en,
			);
			mainGroup = BAF8404C14A9053D00D9E9CC;
			productRefGroup = BAF8405814A9053E00D9E9CC /* Products */;
			projectDirPath = "";
			projectRoot = "";
			targets = (
				BAF8405614A9053E00D9E9CC /* Friendly Music */,
			);
		};
/* End PBXProject section */

/* Begin PBXResourcesBuildPhase section */
		BAF8405514A9053E00D9E9CC /* Resources */ = {
			isa = PBXResourcesBuildPhase;
			buildActionMask = 2147483647;
			files = (
				BAF8406614A9053E00D9E9CC /* InfoPlist.strings in Resources */,
				BAF8406F14A9053E00D9E9CC /* MainWindow.xib in Resources */,
				BAF8407F14A9056900D9E9CC /* TestVC.xib in Resources */,
				BA8DC24114CC85CB0085F16B /* README.txt in Resources */,
				BA8DC24214CC85CB0085F16B /* release_notes.txt in Resources */,
				067E0015156974C70046FA14 /* Default.png in Resources */,
				067E0017156974CB0046FA14 /* Default@2x.png in Resources */,
				067E0019156975490046FA14 /* Icon@2x.png in Resources */,
				067E001B1569754E0046FA14 /* Icon.png in Resources */,
			);
			runOnlyForDeploymentPostprocessing = 0;
		};
/* End PBXResourcesBuildPhase section */

/* Begin PBXSourcesBuildPhase section */
		BAF8405314A9053E00D9E9CC /* Sources */ = {
			isa = PBXSourcesBuildPhase;
			buildActionMask = 2147483647;
			files = (
				BAF8406914A9053E00D9E9CC /* main.m in Sources */,
				BAF8406C14A9053E00D9E9CC /* TestFMAppDelegate.m in Sources */,
				BAF8407E14A9056900D9E9CC /* TestVC.m in Sources */,
			);
			runOnlyForDeploymentPostprocessing = 0;
		};
/* End PBXSourcesBuildPhase section */

/* Begin PBXVariantGroup section */
		BAF8406414A9053E00D9E9CC /* InfoPlist.strings */ = {
			isa = PBXVariantGroup;
			children = (
				BAF8406514A9053E00D9E9CC /* en */,
			);
			name = InfoPlist.strings;
			sourceTree = "<group>";
		};
		BAF8406D14A9053E00D9E9CC /* MainWindow.xib */ = {
			isa = PBXVariantGroup;
			children = (
				BAF8406E14A9053E00D9E9CC /* en */,
			);
			name = MainWindow.xib;
			sourceTree = "<group>";
		};
/* End PBXVariantGroup section */

/* Begin XCBuildConfiguration section */
		06C7D33514E347560047FD61 /* Ad Hoc */ = {
			isa = XCBuildConfiguration;
			buildSettings = {
				ARCHS = "$(ARCHS_STANDARD_32_BIT)";
				CODE_SIGN_IDENTITY = "iPhone Developer: Benjamin van der Veen (XJ66L4JBY9)";
				"CODE_SIGN_IDENTITY[sdk=iphoneos*]" = "iPhone Developer";
				COPY_PHASE_STRIP = NO;
				GCC_C_LANGUAGE_STANDARD = gnu99;
				GCC_VERSION = com.apple.compilers.llvmgcc42;
				GCC_WARN_ABOUT_RETURN_TYPE = YES;
				GCC_WARN_UNUSED_VARIABLE = YES;
				IPHONEOS_DEPLOYMENT_TARGET = 4.3;
				OTHER_CFLAGS = "-DNS_BLOCK_ASSERTIONS=1";
				PROVISIONING_PROFILE = "87BC98DB-7554-4C0F-A09B-712E91745FB2";
				SDKROOT = iphoneos;
				STRIP_INSTALLED_PRODUCT = NO;
			};
			name = "Ad Hoc";
		};
		06C7D33614E347560047FD61 /* Ad Hoc */ = {
			isa = XCBuildConfiguration;
			buildSettings = {
				ALWAYS_SEARCH_USER_PATHS = NO;
				CODE_SIGN_IDENTITY = "iPhone Developer";
				"CODE_SIGN_IDENTITY[sdk=iphoneos*]" = "iPhone Developer";
				COPY_PHASE_STRIP = NO;
				FRAMEWORK_SEARCH_PATHS = (
					"$(inherited)",
					"\"$(SRCROOT)\"",
					"\"$(SRCROOT)/Mobile SDK.embeddedframework\"",
				);
				GCC_PRECOMPILE_PREFIX_HEADER = YES;
				GCC_PREFIX_HEADER = "TestFM/Friendly Music-Prefix.pch";
				GCC_VERSION = com.apple.compilers.llvm.clang.1_0;
				INFOPLIST_FILE = "TestFM/Friendly Music-Info.plist";
				IPHONEOS_DEPLOYMENT_TARGET = 5.0;
				LIBRARY_SEARCH_PATHS = (
					"$(inherited)",
					"\"$(SRCROOT)/TestFlightSDK0.8.2\"",
				);
				OTHER_LDFLAGS = (
					"-ObjC",
					"-all_load",
				);
				PRODUCT_NAME = "Friendly Music";
				PROVISIONING_PROFILE = "";
				"PROVISIONING_PROFILE[sdk=iphoneos*]" = "";
				VALIDATE_PRODUCT = YES;
				WRAPPER_EXTENSION = app;
			};
			name = "Ad Hoc";
		};
		BAF8407614A9053E00D9E9CC /* Debug */ = {
			isa = XCBuildConfiguration;
			buildSettings = {
				ARCHS = "$(ARCHS_STANDARD_32_BIT)";
				CODE_SIGN_IDENTITY = "iPhone Developer: Benjamin van der Veen (XJ66L4JBY9)";
				"CODE_SIGN_IDENTITY[sdk=iphoneos*]" = "iPhone Developer";
				COPY_PHASE_STRIP = NO;
				GCC_C_LANGUAGE_STANDARD = gnu99;
				GCC_OPTIMIZATION_LEVEL = 0;
				GCC_PREPROCESSOR_DEFINITIONS = DEBUG;
				GCC_SYMBOLS_PRIVATE_EXTERN = NO;
				GCC_VERSION = com.apple.compilers.llvmgcc42;
				GCC_WARN_ABOUT_RETURN_TYPE = YES;
				GCC_WARN_UNUSED_VARIABLE = YES;
				IPHONEOS_DEPLOYMENT_TARGET = 4.3;
				PROVISIONING_PROFILE = "87BC98DB-7554-4C0F-A09B-712E91745FB2";
				SDKROOT = iphoneos;
				STRIP_INSTALLED_PRODUCT = NO;
			};
			name = Debug;
		};
		BAF8407714A9053E00D9E9CC /* Release */ = {
			isa = XCBuildConfiguration;
			buildSettings = {
				ARCHS = "$(ARCHS_STANDARD_32_BIT)";
				CODE_SIGN_IDENTITY = "iPhone Developer: Benjamin van der Veen (XJ66L4JBY9)";
				"CODE_SIGN_IDENTITY[sdk=iphoneos*]" = "iPhone Developer";
				COPY_PHASE_STRIP = NO;
				GCC_C_LANGUAGE_STANDARD = gnu99;
				GCC_VERSION = com.apple.compilers.llvmgcc42;
				GCC_WARN_ABOUT_RETURN_TYPE = YES;
				GCC_WARN_UNUSED_VARIABLE = YES;
				IPHONEOS_DEPLOYMENT_TARGET = 4.3;
				OTHER_CFLAGS = "-DNS_BLOCK_ASSERTIONS=1";
				PROVISIONING_PROFILE = "87BC98DB-7554-4C0F-A09B-712E91745FB2";
				SDKROOT = iphoneos;
				STRIP_INSTALLED_PRODUCT = NO;
			};
			name = Release;
		};
		BAF8407914A9053E00D9E9CC /* Debug */ = {
			isa = XCBuildConfiguration;
			buildSettings = {
				ALWAYS_SEARCH_USER_PATHS = NO;
				CODE_SIGN_IDENTITY = "iPhone Developer";
				"CODE_SIGN_IDENTITY[sdk=iphoneos*]" = "iPhone Developer";
				COPY_PHASE_STRIP = NO;
				FRAMEWORK_SEARCH_PATHS = (
					"$(inherited)",
					"\"$(SRCROOT)\"",
					"\"$(SRCROOT)/Mobile SDK.embeddedframework\"",
				);
				GCC_DYNAMIC_NO_PIC = NO;
				GCC_PRECOMPILE_PREFIX_HEADER = YES;
				GCC_PREFIX_HEADER = "TestFM/Friendly Music-Prefix.pch";
				GCC_VERSION = com.apple.compilers.llvm.clang.1_0;
				INFOPLIST_FILE = "TestFM/Friendly Music-Info.plist";
				IPHONEOS_DEPLOYMENT_TARGET = 5.0;
				LIBRARY_SEARCH_PATHS = (
					"$(inherited)",
					"\"$(SRCROOT)/TestFlightSDK0.8.2\"",
				);
				OTHER_LDFLAGS = (
					"-ObjC",
					"-all_load",
				);
				PRODUCT_NAME = "Friendly Music";
				PROVISIONING_PROFILE = "";
				"PROVISIONING_PROFILE[sdk=iphoneos*]" = "";
				WRAPPER_EXTENSION = app;
			};
			name = Debug;
		};
		BAF8407A14A9053E00D9E9CC /* Release */ = {
			isa = XCBuildConfiguration;
			buildSettings = {
				ALWAYS_SEARCH_USER_PATHS = NO;
				CODE_SIGN_IDENTITY = "iPhone Developer";
				"CODE_SIGN_IDENTITY[sdk=iphoneos*]" = "iPhone Developer";
				COPY_PHASE_STRIP = NO;
				FRAMEWORK_SEARCH_PATHS = (
					"$(inherited)",
					"\"$(SRCROOT)\"",
					"\"$(SRCROOT)/Mobile SDK.embeddedframework\"",
				);
				GCC_PRECOMPILE_PREFIX_HEADER = YES;
				GCC_PREFIX_HEADER = "TestFM/Friendly Music-Prefix.pch";
				GCC_VERSION = com.apple.compilers.llvm.clang.1_0;
				INFOPLIST_FILE = "TestFM/Friendly Music-Info.plist";
				IPHONEOS_DEPLOYMENT_TARGET = 5.0;
				LIBRARY_SEARCH_PATHS = (
					"$(inherited)",
					"\"$(SRCROOT)/TestFlightSDK0.8.2\"",
				);
				OTHER_LDFLAGS = (
					"-ObjC",
					"-all_load",
				);
				PRODUCT_NAME = "Friendly Music";
				PROVISIONING_PROFILE = "";
				"PROVISIONING_PROFILE[sdk=iphoneos*]" = "";
				VALIDATE_PRODUCT = YES;
				WRAPPER_EXTENSION = app;
			};
			name = Release;
		};
/* End XCBuildConfiguration section */

/* Begin XCConfigurationList section */
		BAF8405114A9053D00D9E9CC /* Build configuration list for PBXProject "Friendly Music" */ = {
			isa = XCConfigurationList;
			buildConfigurations = (
				BAF8407614A9053E00D9E9CC /* Debug */,
				BAF8407714A9053E00D9E9CC /* Release */,
				06C7D33514E347560047FD61 /* Ad Hoc */,
			);
			defaultConfigurationIsVisible = 0;
			defaultConfigurationName = Release;
		};
		BAF8407814A9053E00D9E9CC /* Build configuration list for PBXNativeTarget "Friendly Music" */ = {
			isa = XCConfigurationList;
			buildConfigurations = (
				BAF8407914A9053E00D9E9CC /* Debug */,
				BAF8407A14A9053E00D9E9CC /* Release */,
				06C7D33614E347560047FD61 /* Ad Hoc */,
			);
			defaultConfigurationIsVisible = 0;
			defaultConfigurationName = Release;
		};
/* End XCConfigurationList section */
	};
	rootObject = BAF8404E14A9053D00D9E9CC /* Project object */;
}
